<?xml version="1.0" encoding="utf-8"?>
<Project ToolsVersion="4.0" xmlns="http://schemas.microsoft.com/developer/msbuild/2003">
  <ItemGroup>
    <Filter Include="Header Files">
      <UniqueIdentifier>{40b7f217-a454-4d44-86f5-fc0ac18dd77a}</UniqueIdentifier>
    </Filter>
    <Filter Include="Source Files">
      <UniqueIdentifier>{59e8bb38-2915-45dc-a3a0-84e9a0bb9d4c}</UniqueIdentifier>
    </Filter>
  </ItemGroup>
  <ItemGroup>
    <ClCompile Include="pdb.c">
      <Filter>Source Files</Filter>
    </ClCompile>
    <ClCompile Include="tpi.c">
      <Filter>Source Files</Filter>
    </ClCompile>
  </ItemGroup>
  <ItemGroup>
    <ClInclude Include="pdb.h">
      <Filter>Header Files</Filter>
    </ClInclude>
    <ClInclude Include="type_stream.h">
      <Filter>Header Files</Filter>
    </ClInclude>
    <ClInclude Include="tpi.h">
      <Filter>Header Files</Filter>
    </ClInclude>
  </ItemGroup>
</Project>